
Microsoft Visual Studio Solution File, Format Version 12.00
# Visual Studio Version 17
VisualStudioVersion = 17.0.32014.148
MinimumVisualStudioVersion = 10.0.40219.1
Project("{FAE04EC0-301F-11D3-BF4B-00C04F79EFBC}") = "Models", "Models\Models.csproj", "{FCDB2600-92C4-4D55-AA7D-BD559C13A772}"
EndProject
Project("{FAE04EC0-301F-11D3-BF4B-00C04F79EFBC}") = "Datos", "Datos\Datos.csproj", "{36BA73DC-5271-4572-B856-6DC2BCA4E920}"
EndProject
Global
	GlobalSection(SolutionConfigurationPlatforms) = preSolution
		Debug|Any CPU = Debug|Any CPU
		Release|Any CPU = Release|Any CPU
	EndGlobalSection
	GlobalSection(ProjectConfigurationPlatforms) = postSolution
		{FCDB2600-92C4-4D55-AA7D-BD559C13A772}.Debug|Any CPU.ActiveCfg = Debug|Any CPU
		{FCDB2600-92C4-4D55-AA7D-BD559C13A772}.Debug|Any CPU.Build.0 = Debug|Any CPU
		{FCDB2600-92C4-4D55-AA7D-BD559C13A772}.Release|Any CPU.ActiveCfg = Release|Any CPU
		{FCDB2600-92C4-4D55-AA7D-BD559C13A772}.Release|Any CPU.Build.0 = Release|Any CPU
		{36BA73DC-5271-4572-B856-6DC2BCA4E920}.Debug|Any CPU.ActiveCfg = Debug|Any CPU
		{36BA73DC-5271-4572-B856-6DC2BCA4E920}.Debug|Any CPU.Build.0 = Debug|Any CPU
		{36BA73DC-5271-4572-B856-6DC2BCA4E920}.Release|Any CPU.ActiveCfg = Release|Any CPU
		{36BA73DC-5271-4572-B856-6DC2BCA4E920}.Release|Any CPU.Build.0 = Release|Any CPU
	EndGlobalSection
	GlobalSection(SolutionProperties) = preSolution
		HideSolutionNode = FALSE
	EndGlobalSection
	GlobalSection(ExtensibilityGlobals) = postSolution
		SolutionGuid = {5E21228E-4122-4C6D-B48D-8CDEFC697C0C}
	EndGlobalSection
EndGlobal
